{
    "_readme": [
        "This file locks the dependencies of your project to a known state",
        "Read more about it at https://getcomposer.org/doc/01-basic-usage.md#installing-dependencies",
        "This file is @generated automatically"
    ],
    "content-hash": "7640583e5d7f6fbf444043ea5dff8d8b",
    "packages": [
        {
            "name": "ocdladefense/lib-date",
            "version": "dev-development",
            "source": {
                "type": "git",
                "url": "https://github.com/ocdladefense/lib-date.git",
                "reference": "0043bdc957aee81da8d18fa648f834419585ca25"
            },
            "dist": {
                "type": "zip",
                "url": "https://api.github.com/repos/ocdladefense/lib-date/zipball/0043bdc957aee81da8d18fa648f834419585ca25",
                "reference": "0043bdc957aee81da8d18fa648f834419585ca25",
                "shasum": ""
            },
            "type": "library",
            "autoload": {
                "classmap": [
                    "src/"
                ]
            },
            "notification-url": "https://packagist.org/downloads/",
            "description": "Library for using Dates as types.",
            "support": {
                "issues": "https://github.com/ocdladefense/lib-date/issues",
                "source": "https://github.com/ocdladefense/lib-date/tree/development"
            },
            "time": "2022-03-05T21:01:25+00:00"
        },
        {
            "name": "ocdladefense/lib-http",
            "version": "v3.6.8",
            "source": {
                "type": "git",
                "url": "https://github.com/ocdladefense/lib-http.git",
                "reference": "e20d8ec814a09ae4b07eb068a49300e981a7d0ac"
            },
            "dist": {
                "type": "zip",
                "url": "https://api.github.com/repos/ocdladefense/lib-http/zipball/e20d8ec814a09ae4b07eb068a49300e981a7d0ac",
                "reference": "e20d8ec814a09ae4b07eb068a49300e981a7d0ac",
                "shasum": ""
            },
            "type": "library",
            "autoload": {
                "files": [
                    "src/HttpConstants.php",
                    "src/HttpStatus.php"
                ],
                "classmap": [
                    "src/"
                ]
            },
            "notification-url": "https://packagist.org/downloads/",
            "license": [
                "MIT"
            ],
            "authors": [
                {
                    "name": "Jose Bernal",
                    "email": "jbernal.web.dev@gmail.com"
                }
            ],
            "description": "PHP wrapper classes for curl functions.",
            "support": {
                "issues": "https://github.com/ocdladefense/lib-http/issues",
                "source": "https://github.com/ocdladefense/lib-http/tree/v3.6.8"
            },
            "time": "2022-10-03T22:06:01+00:00"
        },
        {
            "name": "ocdladefense/lib-php-template",
            "version": "dev-development",
            "source": {
                "type": "git",
                "url": "https://github.com/ocdladefense/lib-php-template.git",
                "reference": "b989634a5bcdac3c7e4994c1ed743ac21c4c87a3"
            },
            "dist": {
                "type": "zip",
                "url": "https://api.github.com/repos/ocdladefense/lib-php-template/zipball/b989634a5bcdac3c7e4994c1ed743ac21c4c87a3",
                "reference": "b989634a5bcdac3c7e4994c1ed743ac21c4c87a3",
                "shasum": ""
            },
            "type": "library",
            "autoload": {
                "classmap": [
                    "src/"
                ]
            },
            "notification-url": "https://packagist.org/downloads/",
            "authors": [
                {
                    "name": "Jose Bernal",
                    "email": "jbernal.web.dev@gmail.com"
                }
            ],
            "support": {
                "issues": "https://github.com/ocdladefense/lib-php-template/issues",
                "source": "https://github.com/ocdladefense/lib-php-template/tree/development"
            },
            "time": "2023-05-25T01:45:55+00:00"
        }
    ],
    "packages-dev": [],
    "aliases": [],
    "minimum-stability": "stable",
    "stability-flags": {
        "ocdladefense/lib-php-template": 20,
        "ocdladefense/lib-date": 20
    },
    "prefer-stable": false,
    "prefer-lowest": false,
    "platform": [],
    "platform-dev": [],
    "plugin-api-version": "2.3.0"
}
