{
  "name": "intern-starter",
  "version": "0.1.0",
  "lockfileVersion": 1,
  "requires": true,
  "dependencies": {
    "@ocdladefense/modal-inline": {
      "version": "file:node-modal-inline",
      "requires": {
        "@ocdladefense/view": "~2.0.0"
      },
      "dependencies": {
        "@ocdladefense/view": {
          "version": "2.0.1",
          "resolved": "https://registry.npmjs.org/@ocdladefense/view/-/view-2.0.1.tgz",
          "integrity": "sha512-ST6dD7nobZBKmsGgpQyYtDJO6938sddk9cO7XCJQZ3HxvuFTi962rPdvozdTBDlY4MBuvzVhzJMfnmoV1WQwgw=="
        }
      }
    },
    "@ocdladefense/ors": {
      "version": "file:node-ors",
      "requires": {
        "@ocdladefense/view": "~2.0.0"
      },
      "dependencies": {
        "@ocdladefense/view": {
          "version": "2.0.1",
          "resolved": "https://registry.npmjs.org/@ocdladefense/view/-/view-2.0.1.tgz",
          "integrity": "sha512-ST6dD7nobZBKmsGgpQyYtDJO6938sddk9cO7XCJQZ3HxvuFTi962rPdvozdTBDlY4MBuvzVhzJMfnmoV1WQwgw=="
        }
      }
    },
    "@ocdladefense/view": {
      "version": "2.1.1",
      "resolved": "https://registry.npmjs.org/@ocdladefense/view/-/view-2.1.1.tgz",
      "integrity": "sha512-lcSnhAGdke0dYXNzQB3ob+TTxChzBzCyPpCZ/B1zRFmaP5F9A0TsFKslBKMOM4nV7nYSyWxctbSMnxjm8/wmOQ=="
    }
  }
}
